// !$*UTF8*$!
{
	archiveVersion = 1;
	classes = {
	};
	objectVersion = 46;
	objects = {

/* Begin PBXBuildFile section */
		83D1B3381CE30FEB003C5039 /* AppDelegate.swift in Sources */ = {isa = PBXBuildFile; fileRef = 83D1B3371CE30FEB003C5039 /* AppDelegate.swift */; };
		83D1B33A1CE30FEB003C5039 /* ViewController.swift in Sources */ = {isa = PBXBuildFile; fileRef = 83D1B3391CE30FEB003C5039 /* ViewController.swift */; };
		83D1B33D1CE30FEB003C5039 /* Main.storyboard in Resources */ = {isa = PBXBuildFile; fileRef = 83D1B33B1CE30FEB003C5039 /* Main.storyboard */; };
		83D1B3401CE30FEB003C5039 /* Red_or_Blue.xcdatamodeld in Sources */ = {isa = PBXBuildFile; fileRef = 83D1B33E1CE30FEB003C5039 /* Red_or_Blue.xcdatamodeld */; };
		83D1B3421CE30FEB003C5039 /* Assets.xcassets in Resources */ = {isa = PBXBuildFile; fileRef = 83D1B3411CE30FEB003C5039 /* Assets.xcassets */; };
		83D1B3451CE30FEB003C5039 /* LaunchScreen.storyboard in Resources */ = {isa = PBXBuildFile; fileRef = 83D1B3431CE30FEB003C5039 /* LaunchScreen.storyboard */; };
		83D1B3501CE30FEC003C5039 /* Red_or_BlueTests.swift in Sources */ = {isa = PBXBuildFile; fileRef = 83D1B34F1CE30FEC003C5039 /* Red_or_BlueTests.swift */; };
		83D1B35B1CE30FEC003C5039 /* Red_or_BlueUITests.swift in Sources */ = {isa = PBXBuildFile; fileRef = 83D1B35A1CE30FEC003C5039 /* Red_or_BlueUITests.swift */; };
/* End PBXBuildFile section */

/* Begin PBXContainerItemProxy section */
		83D1B34C1CE30FEC003C5039 /* PBXContainerItemProxy */ = {
			isa = PBXContainerItemProxy;
			containerPortal = 83D1B32C1CE30FEB003C5039 /* Project object */;
			proxyType = 1;
			remoteGlobalIDString = 83D1B3331CE30FEB003C5039;
			remoteInfo = "Red or Blue";
		};
		83D1B3571CE30FEC003C5039 /* PBXContainerItemProxy */ = {
			isa = PBXContainerItemProxy;
			containerPortal = 83D1B32C1CE30FEB003C5039 /* Project object */;
			proxyType = 1;
			remoteGlobalIDString = 83D1B3331CE30FEB003C5039;
			remoteInfo = "Red or Blue";
		};
/* End PBXContainerItemProxy section */

/* Begin PBXFileReference section */
		83D1B3341CE30FEB003C5039 /* Red or Blue.app */ = {isa = PBXFileReference; explicitFileType = wrapper.application; includeInIndex = 0; path = "Red or Blue.app"; sourceTree = BUILT_PRODUCTS_DIR; };
		83D1B3371CE30FEB003C5039 /* AppDelegate.swift */ = {isa = PBXFileReference; lastKnownFileType = sourcecode.swift; path = AppDelegate.swift; sourceTree = "<group>"; };
		83D1B3391CE30FEB003C5039 /* ViewController.swift */ = {isa = PBXFileReference; lastKnownFileType = sourcecode.swift; path = ViewController.swift; sourceTree = "<group>"; };
		83D1B33C1CE30FEB003C5039 /* Base */ = {isa = PBXFileReference; lastKnownFileType = file.storyboard; name = Base; path = Base.lproj/Main.storyboard; sourceTree = "<group>"; };
		83D1B33F1CE30FEB003C5039 /* Red_or_Blue.xcdatamodel */ = {isa = PBXFileReference; lastKnownFileType = wrapper.xcdatamodel; path = Red_or_Blue.xcdatamodel; sourceTree = "<group>"; };
		83D1B3411CE30FEB003C5039 /* Assets.xcassets */ = {isa = PBXFileReference; lastKnownFileType = folder.assetcatalog; path = Assets.xcassets; sourceTree = "<group>"; };
		83D1B3441CE30FEB003C5039 /* Base */ = {isa = PBXFileReference; lastKnownFileType = file.storyboard; name = Base; path = Base.lproj/LaunchScreen.storyboard; sourceTree = "<group>"; };
		83D1B3461CE30FEC003C5039 /* Info.plist */ = {isa = PBXFileReference; lastKnownFileType = text.plist.xml; path = Info.plist; sourceTree = "<group>"; };
		83D1B34B1CE30FEC003C5039 /* Red or BlueTests.xctest */ = {isa = PBXFileReference; explicitFileType = wrapper.cfbundle; includeInIndex = 0; path = "Red or BlueTests.xctest"; sourceTree = BUILT_PRODUCTS_DIR; };
		83D1B34F1CE30FEC003C5039 /* Red_or_BlueTests.swift */ = {isa = PBXFileReference; lastKnownFileType = sourcecode.swift; path = Red_or_BlueTests.swift; sourceTree = "<group>"; };
		83D1B3511CE30FEC003C5039 /* Info.plist */ = {isa = PBXFileReference; lastKnownFileType = text.plist.xml; path = Info.plist; sourceTree = "<group>"; };
		83D1B3561CE30FEC003C5039 /* Red or BlueUITests.xctest */ = {isa = PBXFileReference; explicitFileType = wrapper.cfbundle; includeInIndex = 0; path = "Red or BlueUITests.xctest"; sourceTree = BUILT_PRODUCTS_DIR; };
		83D1B35A1CE30FEC003C5039 /* Red_or_BlueUITests.swift */ = {isa = PBXFileReference; lastKnownFileType = sourcecode.swift; path = Red_or_BlueUITests.swift; sourceTree = "<group>"; };
		83D1B35C1CE30FEC003C5039 /* Info.plist */ = {isa = PBXFileReference; lastKnownFileType = text.plist.xml; path = Info.plist; sourceTree = "<group>"; };
/* End PBXFileReference section */

/* Begin PBXFrameworksBuildPhase section */
		83D1B3311CE30FEB003C5039 /* Frameworks */ = {
			isa = PBXFrameworksBuildPhase;
			buildActionMask = 2147483647;
			files = (
			);
			runOnlyForDeploymentPostprocessing = 0;
		};
		83D1B3481CE30FEC003C5039 /* Frameworks */ = {
			isa = PBXFrameworksBuildPhase;
			buildActionMask = 2147483647;
			files = (
			);
			runOnlyForDeploymentPostprocessing = 0;
		};
		83D1B3531CE30FEC003C5039 /* Frameworks */ = {
			isa = PBXFrameworksBuildPhase;
			buildActionMask = 2147483647;
			files = (
			);
			runOnlyForDeploymentPostprocessing = 0;
		};
/* End PBXFrameworksBuildPhase section */

/* Begin PBXGroup section */
		83D1B32B1CE30FEB003C5039 = {
			isa = PBXGroup;
			children = (
				83D1B3361CE30FEB003C5039 /* Red or Blue */,
				83D1B34E1CE30FEC003C5039 /* Red or BlueTests */,
				83D1B3591CE30FEC003C5039 /* Red or BlueUITests */,
				83D1B3351CE30FEB003C5039 /* Products */,
			);
			sourceTree = "<group>";
		};
		83D1B3351CE30FEB003C5039 /* Products */ = {
			isa = PBXGroup;
			children = (
				83D1B3341CE30FEB003C5039 /* Red or Blue.app */,
				83D1B34B1CE30FEC003C5039 /* Red or BlueTests.xctest */,
				83D1B3561CE30FEC003C5039 /* Red or BlueUITests.xctest */,
			);
			name = Products;
			sourceTree = "<group>";
		};
		83D1B3361CE30FEB003C5039 /* Red or Blue */ = {
			isa = PBXGroup;
			children = (
				83D1B3371CE30FEB003C5039 /* AppDelegate.swift */,
				83D1B3391CE30FEB003C5039 /* ViewController.swift */,
				83D1B33B1CE30FEB003C5039 /* Main.storyboard */,
				83D1B3411CE30FEB003C5039 /* Assets.xcassets */,
				83D1B3431CE30FEB003C5039 /* LaunchScreen.storyboard */,
				83D1B3461CE30FEC003C5039 /* Info.plist */,
				83D1B33E1CE30FEB003C5039 /* Red_or_Blue.xcdatamodeld */,
			);
			path = "Red or Blue";
			sourceTree = "<group>";
		};
		83D1B34E1CE30FEC003C5039 /* Red or BlueTests */ = {
			isa = PBXGroup;
			children = (
				83D1B34F1CE30FEC003C5039 /* Red_or_BlueTests.swift */,
				83D1B3511CE30FEC003C5039 /* Info.plist */,
			);
			path = "Red or BlueTests";
			sourceTree = "<group>";
		};
		83D1B3591CE30FEC003C5039 /* Red or BlueUITests */ = {
			isa = PBXGroup;
			children = (
				83D1B35A1CE30FEC003C5039 /* Red_or_BlueUITests.swift */,
				83D1B35C1CE30FEC003C5039 /* Info.plist */,
			);
			path = "Red or BlueUITests";
			sourceTree = "<group>";
		};
/* End PBXGroup section */

/* Begin PBXNativeTarget section */
		83D1B3331CE30FEB003C5039 /* Red or Blue */ = {
			isa = PBXNativeTarget;
			buildConfigurationList = 83D1B35F1CE30FEC003C5039 /* Build configuration list for PBXNativeTarget "Red or Blue" */;
			buildPhases = (
				83D1B3301CE30FEB003C5039 /* Sources */,
				83D1B3311CE30FEB003C5039 /* Frameworks */,
				83D1B3321CE30FEB003C5039 /* Resources */,
			);
			buildRules = (
			);
			dependencies = (
			);
			name = "Red or Blue";
			productName = "Red or Blue";
			productReference = 83D1B3341CE30FEB003C5039 /* Red or Blue.app */;
			productType = "com.apple.product-type.application";
		};
		83D1B34A1CE30FEC003C5039 /* Red or BlueTests */ = {
			isa = PBXNativeTarget;
			buildConfigurationList = 83D1B3621CE30FEC003C5039 /* Build configuration list for PBXNativeTarget "Red or BlueTests" */;
			buildPhases = (
				83D1B3471CE30FEC003C5039 /* Sources */,
				83D1B3481CE30FEC003C5039 /* Frameworks */,
				83D1B3491CE30FEC003C5039 /* Resources */,
			);
			buildRules = (
			);
			dependencies = (
				83D1B34D1CE30FEC003C5039 /* PBXTargetDependency */,
			);
			name = "Red or BlueTests";
			productName = "Red or BlueTests";
			productReference = 83D1B34B1CE30FEC003C5039 /* Red or BlueTests.xctest */;
			productType = "com.apple.product-type.bundle.unit-test";
		};
		83D1B3551CE30FEC003C5039 /* Red or BlueUITests */ = {
			isa = PBXNativeTarget;
			buildConfigurationList = 83D1B3651CE30FEC003C5039 /* Build configuration list for PBXNativeTarget "Red or BlueUITests" */;
			buildPhases = (
				83D1B3521CE30FEC003C5039 /* Sources */,
				83D1B3531CE30FEC003C5039 /* Frameworks */,
				83D1B3541CE30FEC003C5039 /* Resources */,
			);
			buildRules = (
			);
			dependencies = (
				83D1B3581CE30FEC003C5039 /* PBXTargetDependency */,
			);
			name = "Red or BlueUITests";
			productName = "Red or BlueUITests";
			productReference = 83D1B3561CE30FEC003C5039 /* Red or BlueUITests.xctest */;
			productType = "com.apple.product-type.bundle.ui-testing";
		};
/* End PBXNativeTarget section */

/* Begin PBXProject section */
		83D1B32C1CE30FEB003C5039 /* Project object */ = {
			isa = PBXProject;
			attributes = {
				LastSwiftUpdateCheck = 0730;
				LastUpgradeCheck = 0730;
				ORGANIZATIONNAME = "Christian Byrd";
				TargetAttributes = {
					83D1B3331CE30FEB003C5039 = {
						CreatedOnToolsVersion = 7.3;
						DevelopmentTeam = 5TLEBNK8CF;
					};
					83D1B34A1CE30FEC003C5039 = {
						CreatedOnToolsVersion = 7.3;
						DevelopmentTeam = 5TLEBNK8CF;
						TestTargetID = 83D1B3331CE30FEB003C5039;
					};
					83D1B3551CE30FEC003C5039 = {
						CreatedOnToolsVersion = 7.3;
						DevelopmentTeam = 5TLEBNK8CF;
						TestTargetID = 83D1B3331CE30FEB003C5039;
					};
				};
			};
			buildConfigurationList = 83D1B32F1CE30FEB003C5039 /* Build configuration list for PBXProject "Red or Blue" */;
			compatibilityVersion = "Xcode 3.2";
			developmentRegion = English;
			hasScannedForEncodings = 0;
			knownRegions = (
				en,
				Base,
			);
			mainGroup = 83D1B32B1CE30FEB003C5039;
			productRefGroup = 83D1B3351CE30FEB003C5039 /* Products */;
			projectDirPath = "";
			projectRoot = "";
			targets = (
				83D1B3331CE30FEB003C5039 /* Red or Blue */,
				83D1B34A1CE30FEC003C5039 /* Red or BlueTests */,
				83D1B3551CE30FEC003C5039 /* Red or BlueUITests */,
			);
		};
/* End PBXProject section */

/* Begin PBXResourcesBuildPhase section */
		83D1B3321CE30FEB003C5039 /* Resources */ = {
			isa = PBXResourcesBuildPhase;
			buildActionMask = 2147483647;
			files = (
				83D1B3451CE30FEB003C5039 /* LaunchScreen.storyboard in Resources */,
				83D1B3421CE30FEB003C5039 /* Assets.xcassets in Resources */,
				83D1B33D1CE30FEB003C5039 /* Main.storyboard in Resources */,
			);
			runOnlyForDeploymentPostprocessing = 0;
		};
		83D1B3491CE30FEC003C5039 /* Resources */ = {
			isa = PBXResourcesBuildPhase;
			buildActionMask = 2147483647;
			files = (
			);
			runOnlyForDeploymentPostprocessing = 0;
		};
		83D1B3541CE30FEC003C5039 /* Resources */ = {
			isa = PBXResourcesBuildPhase;
			buildActionMask = 2147483647;
			files = (
			);
			runOnlyForDeploymentPostprocessing = 0;
		};
/* End PBXResourcesBuildPhase section */

/* Begin PBXSourcesBuildPhase section */
		83D1B3301CE30FEB003C5039 /* Sources */ = {
			isa = PBXSourcesBuildPhase;
			buildActionMask = 2147483647;
			files = (
				83D1B33A1CE30FEB003C5039 /* ViewController.swift in Sources */,
				83D1B3381CE30FEB003C5039 /* AppDelegate.swift in Sources */,
				83D1B3401CE30FEB003C5039 /* Red_or_Blue.xcdatamodeld in Sources */,
			);
			runOnlyForDeploymentPostprocessing = 0;
		};
		83D1B3471CE30FEC003C5039 /* Sources */ = {
			isa = PBXSourcesBuildPhase;
			buildActionMask = 2147483647;
			files = (
				83D1B3501CE30FEC003C5039 /* Red_or_BlueTests.swift in Sources */,
			);
			runOnlyForDeploymentPostprocessing = 0;
		};
		83D1B3521CE30FEC003C5039 /* Sources */ = {
			isa = PBXSourcesBuildPhase;
			buildActionMask = 2147483647;
			files = (
				83D1B35B1CE30FEC003C5039 /* Red_or_BlueUITests.swift in Sources */,
			);
			runOnlyForDeploymentPostprocessing = 0;
		};
/* End PBXSourcesBuildPhase section */

/* Begin PBXTargetDependency section */
		83D1B34D1CE30FEC003C5039 /* PBXTargetDependency */ = {
			isa = PBXTargetDependency;
			target = 83D1B3331CE30FEB003C5039 /* Red or Blue */;
			targetProxy = 83D1B34C1CE30FEC003C5039 /* PBXContainerItemProxy */;
		};
		83D1B3581CE30FEC003C5039 /* PBXTargetDependency */ = {
			isa = PBXTargetDependency;
			target = 83D1B3331CE30FEB003C5039 /* Red or Blue */;
			targetProxy = 83D1B3571CE30FEC003C5039 /* PBXContainerItemProxy */;
		};
/* End PBXTargetDependency section */

/* Begin PBXVariantGroup section */
		83D1B33B1CE30FEB003C5039 /* Main.storyboard */ = {
			isa = PBXVariantGroup;
			children = (
				83D1B33C1CE30FEB003C5039 /* Base */,
			);
			name = Main.storyboard;
			sourceTree = "<group>";
		};
		83D1B3431CE30FEB003C5039 /* LaunchScreen.storyboard */ = {
			isa = PBXVariantGroup;
			children = (
				83D1B3441CE30FEB003C5039 /* Base */,
			);
			name = LaunchScreen.storyboard;
			sourceTree = "<group>";
		};
/* End PBXVariantGroup section */

/* Begin XCBuildConfiguration section */
		83D1B35D1CE30FEC003C5039 /* Debug */ = {
			isa = XCBuildConfiguration;
			buildSettings = {
				ALWAYS_SEARCH_USER_PATHS = NO;
				CLANG_ANALYZER_NONNULL = YES;
				CLANG_CXX_LANGUAGE_STANDARD = "gnu++0x";
				CLANG_CXX_LIBRARY = "libc++";
				CLANG_ENABLE_MODULES = YES;
				CLANG_ENABLE_OBJC_ARC = YES;
				CLANG_WARN_BOOL_CONVERSION = YES;
				CLANG_WARN_CONSTANT_CONVERSION = YES;
				CLANG_WARN_DIRECT_OBJC_ISA_USAGE = YES_ERROR;
				CLANG_WARN_EMPTY_BODY = YES;
				CLANG_WARN_ENUM_CONVERSION = YES;
				CLANG_WARN_INT_CONVERSION = YES;
				CLANG_WARN_OBJC_ROOT_CLASS = YES_ERROR;
				CLANG_WARN_UNREACHABLE_CODE = YES;
				CLANG_WARN__DUPLICATE_METHOD_MATCH = YES;
				"CODE_SIGN_IDENTITY[sdk=iphoneos*]" = "iPhone Developer";
				COPY_PHASE_STRIP = NO;
				DEBUG_INFORMATION_FORMAT = dwarf;
				ENABLE_STRICT_OBJC_MSGSEND = YES;
				ENABLE_TESTABILITY = YES;
				GCC_C_LANGUAGE_STANDARD = gnu99;
				GCC_DYNAMIC_NO_PIC = NO;
				GCC_NO_COMMON_BLOCKS = YES;
				GCC_OPTIMIZATION_LEVEL = 0;
				GCC_PREPROCESSOR_DEFINITIONS = (
					"DEBUG=1",
					"$(inherited)",
				);
				GCC_WARN_64_TO_32_BIT_CONVERSION = YES;
				GCC_WARN_ABOUT_RETURN_TYPE = YES_ERROR;
				GCC_WARN_UNDECLARED_SELECTOR = YES;
				GCC_WARN_UNINITIALIZED_AUTOS = YES_AGGRESSIVE;
				GCC_WARN_UNUSED_FUNCTION = YES;
				GCC_WARN_UNUSED_VARIABLE = YES;
				IPHONEOS_DEPLOYMENT_TARGET = 9.3;
				MTL_ENABLE_DEBUG_INFO = YES;
				ONLY_ACTIVE_ARCH = YES;
				SDKROOT = iphoneos;
				SWIFT_OPTIMIZATION_LEVEL = "-Onone";
			};
			name = Debug;
		};
		83D1B35E1CE30FEC003C5039 /* Release */ = {
			isa = XCBuildConfiguration;
			buildSettings = {
				ALWAYS_SEARCH_USER_PATHS = NO;
				CLANG_ANALYZER_NONNULL = YES;
				CLANG_CXX_LANGUAGE_STANDARD = "gnu++0x";
				CLANG_CXX_LIBRARY = "libc++";
				CLANG_ENABLE_MODULES = YES;
				CLANG_ENABLE_OBJC_ARC = YES;
				CLANG_WARN_BOOL_CONVERSION = YES;
				CLANG_WARN_CONSTANT_CONVERSION = YES;
				CLANG_WARN_DIRECT_OBJC_ISA_USAGE = YES_ERROR;
				CLANG_WARN_EMPTY_BODY = YES;
				CLANG_WARN_ENUM_CONVERSION = YES;
				CLANG_WARN_INT_CONVERSION = YES;
				CLANG_WARN_OBJC_ROOT_CLASS = YES_ERROR;
				CLANG_WARN_UNREACHABLE_CODE = YES;
				CLANG_WARN__DUPLICATE_METHOD_MATCH = YES;
				"CODE_SIGN_IDENTITY[sdk=iphoneos*]" = "iPhone Developer";
				COPY_PHASE_STRIP = NO;
				DEBUG_INFORMATION_FORMAT = "dwarf-with-dsym";
				ENABLE_NS_ASSERTIONS = NO;
				ENABLE_STRICT_OBJC_MSGSEND = YES;
				GCC_C_LANGUAGE_STANDARD = gnu99;
				GCC_NO_COMMON_BLOCKS = YES;
				GCC_WARN_64_TO_32_BIT_CONVERSION = YES;
				GCC_WARN_ABOUT_RETURN_TYPE = YES_ERROR;
				GCC_WARN_UNDECLARED_SELECTOR = YES;
				GCC_WARN_UNINITIALIZED_AUTOS = YES_AGGRESSIVE;
				GCC_WARN_UNUSED_FUNCTION = YES;
				GCC_WARN_UNUSED_VARIABLE = YES;
				IPHONEOS_DEPLOYMENT_TARGET = 9.3;
				MTL_ENABLE_DEBUG_INFO = NO;
				SDKROOT = iphoneos;
				VALIDATE_PRODUCT = YES;
			};
			name = Release;
		};
		83D1B3601CE30FEC003C5039 /* Debug */ = {
			isa = XCBuildConfiguration;
			buildSettings = {
				ASSETCATALOG_COMPILER_APPICON_NAME = AppIcon;
				INFOPLIST_FILE = "Red or Blue/Info.plist";
				LD_RUNPATH_SEARCH_PATHS = "$(inherited) @executable_path/Frameworks";
				PRODUCT_BUNDLE_IDENTIFIER = "com.christianbyrd.Red-or-Blue";
				PRODUCT_NAME = "$(TARGET_NAME)";
			};
			name = Debug;
		};
		83D1B3611CE30FEC003C5039 /* Release */ = {
			isa = XCBuildConfiguration;
			buildSettings = {
				ASSETCATALOG_COMPILER_APPICON_NAME = AppIcon;
				INFOPLIST_FILE = "Red or Blue/Info.plist";
				LD_RUNPATH_SEARCH_PATHS = "$(inherited) @executable_path/Frameworks";
				PRODUCT_BUNDLE_IDENTIFIER = "com.christianbyrd.Red-or-Blue";
				PRODUCT_NAME = "$(TARGET_NAME)";
			};
			name = Release;
		};
		83D1B3631CE30FEC003C5039 /* Debug */ = {
			isa = XCBuildConfiguration;
			buildSettings = {
				BUNDLE_LOADER = "$(TEST_HOST)";
				INFOPLIST_FILE = "Red or BlueTests/Info.plist";
				LD_RUNPATH_SEARCH_PATHS = "$(inherited) @executable_path/Frameworks @loader_path/Frameworks";
				PRODUCT_BUNDLE_IDENTIFIER = "com.christianbyrd.Red-or-BlueTests";
				PRODUCT_NAME = "$(TARGET_NAME)";
				TEST_HOST = "$(BUILT_PRODUCTS_DIR)/Red or Blue.app/Red or Blue";
			};
			name = Debug;
		};
		83D1B3641CE30FEC003C5039 /* Release */ = {
			isa = XCBuildConfiguration;
			buildSettings = {
				BUNDLE_LOADER = "$(TEST_HOST)";
				INFOPLIST_FILE = "Red or BlueTests/Info.plist";
				LD_RUNPATH_SEARCH_PATHS = "$(inherited) @executable_path/Frameworks @loader_path/Frameworks";
				PRODUCT_BUNDLE_IDENTIFIER = "com.christianbyrd.Red-or-BlueTests";
				PRODUCT_NAME = "$(TARGET_NAME)";
				TEST_HOST = "$(BUILT_PRODUCTS_DIR)/Red or Blue.app/Red or Blue";
			};
			name = Release;
		};
		83D1B3661CE30FEC003C5039 /* Debug */ = {
			isa = XCBuildConfiguration;
			buildSettings = {
				INFOPLIST_FILE = "Red or BlueUITests/Info.plist";
				LD_RUNPATH_SEARCH_PATHS = "$(inherited) @executable_path/Frameworks @loader_path/Frameworks";
				PRODUCT_BUNDLE_IDENTIFIER = "com.christianbyrd.Red-or-BlueUITests";
				PRODUCT_NAME = "$(TARGET_NAME)";
				TEST_TARGET_NAME = "Red or Blue";
			};
			name = Debug;
		};
		83D1B3671CE30FEC003C5039 /* Release */ = {
			isa = XCBuildConfiguration;
			buildSettings = {
				INFOPLIST_FILE = "Red or BlueUITests/Info.plist";
				LD_RUNPATH_SEARCH_PATHS = "$(inherited) @executable_path/Frameworks @loader_path/Frameworks";
				PRODUCT_BUNDLE_IDENTIFIER = "com.christianbyrd.Red-or-BlueUITests";
				PRODUCT_NAME = "$(TARGET_NAME)";
				TEST_TARGET_NAME = "Red or Blue";
			};
			name = Release;
		};
/* End XCBuildConfiguration section */

/* Begin XCConfigurationList section */
		83D1B32F1CE30FEB003C5039 /* Build configuration list for PBXProject "Red or Blue" */ = {
			isa = XCConfigurationList;
			buildConfigurations = (
				83D1B35D1CE30FEC003C5039 /* Debug */,
				83D1B35E1CE30FEC003C5039 /* Release */,
			);
			defaultConfigurationIsVisible = 0;
			defaultConfigurationName = Release;
		};
		83D1B35F1CE30FEC003C5039 /* Build configuration list for PBXNativeTarget "Red or Blue" */ = {
			isa = XCConfigurationList;
			buildConfigurations = (
				83D1B3601CE30FEC003C5039 /* Debug */,
				83D1B3611CE30FEC003C5039 /* Release */,
			);
			defaultConfigurationIsVisible = 0;
		};
		83D1B3621CE30FEC003C5039 /* Build configuration list for PBXNativeTarget "Red or BlueTests" */ = {
			isa = XCConfigurationList;
			buildConfigurations = (
				83D1B3631CE30FEC003C5039 /* Debug */,
				83D1B3641CE30FEC003C5039 /* Release */,
			);
			defaultConfigurationIsVisible = 0;
		};
		83D1B3651CE30FEC003C5039 /* Build configuration list for PBXNativeTarget "Red or BlueUITests" */ = {
			isa = XCConfigurationList;
			buildConfigurations = (
				83D1B3661CE30FEC003C5039 /* Debug */,
				83D1B3671CE30FEC003C5039 /* Release */,
			);
			defaultConfigurationIsVisible = 0;
		};
/* End XCConfigurationList section */

/* Begin XCVersionGroup section */
		83D1B33E1CE30FEB003C5039 /* Red_or_Blue.xcdatamodeld */ = {
			isa = XCVersionGroup;
			children = (
				83D1B33F1CE30FEB003C5039 /* Red_or_Blue.xcdatamodel */,
			);
			currentVersion = 83D1B33F1CE30FEB003C5039 /* Red_or_Blue.xcdatamodel */;
			path = Red_or_Blue.xcdatamodeld;
			sourceTree = "<group>";
			versionGroupType = wrapper.xcdatamodel;
		};
/* End XCVersionGroup section */
	};
	rootObject = 83D1B32C1CE30FEB003C5039 /* Project object */;
}
